
Microsoft Visual Studio Solution File, Format Version 11.00
# Visual Studio 2010
Project("{FAE04EC0-301F-11D3-BF4B-00C04F79EFBC}") = "PiGlowTest", "PiGlowTest\PiGlowTest.csproj", "{F39939CF-2386-486E-8542-4C0EE60FF3E7}"
EndProject
Project("{FAE04EC0-301F-11D3-BF4B-00C04F79EFBC}") = "RPi.I2C.Net", "..\RPi.I2C.Net-master\RPi.I2C.Net\RPi.I2C.Net.csproj", "{2AE6A02F-4B57-43A1-8C19-2917008215D5}"
EndProject
Project("{FAE04EC0-301F-11D3-BF4B-00C04F79EFBC}") = "PiGlow", "PiGlow\PiGlow.csproj", "{03E9BB72-EC8A-4AE1-BB25-0E589FC54A45}"
EndProject
Global
	GlobalSection(SolutionConfigurationPlatforms) = preSolution
		Debug|x86 = Debug|x86
		Release|x86 = Release|x86
	EndGlobalSection
	GlobalSection(ProjectConfigurationPlatforms) = postSolution
		{03E9BB72-EC8A-4AE1-BB25-0E589FC54A45}.Debug|x86.ActiveCfg = Debug|Any CPU
		{03E9BB72-EC8A-4AE1-BB25-0E589FC54A45}.Debug|x86.Build.0 = Debug|Any CPU
		{03E9BB72-EC8A-4AE1-BB25-0E589FC54A45}.Release|x86.ActiveCfg = Release|Any CPU
		{03E9BB72-EC8A-4AE1-BB25-0E589FC54A45}.Release|x86.Build.0 = Release|Any CPU
		{2AE6A02F-4B57-43A1-8C19-2917008215D5}.Debug|x86.ActiveCfg = Debug|Any CPU
		{2AE6A02F-4B57-43A1-8C19-2917008215D5}.Debug|x86.Build.0 = Debug|Any CPU
		{2AE6A02F-4B57-43A1-8C19-2917008215D5}.Release|x86.ActiveCfg = Release|Any CPU
		{2AE6A02F-4B57-43A1-8C19-2917008215D5}.Release|x86.Build.0 = Release|Any CPU
		{F39939CF-2386-486E-8542-4C0EE60FF3E7}.Debug|x86.ActiveCfg = Debug|x86
		{F39939CF-2386-486E-8542-4C0EE60FF3E7}.Debug|x86.Build.0 = Debug|x86
		{F39939CF-2386-486E-8542-4C0EE60FF3E7}.Release|x86.ActiveCfg = Release|x86
		{F39939CF-2386-486E-8542-4C0EE60FF3E7}.Release|x86.Build.0 = Release|x86
	EndGlobalSection
	GlobalSection(MonoDevelopProperties) = preSolution
		StartupItem = PiGlowTest\PiGlowTest.csproj
	EndGlobalSection
EndGlobal
